
Microsoft Visual Studio Solution File, Format Version 12.00
# Visual Studio 15
VisualStudioVersion = 15.0.27428.2015
MinimumVisualStudioVersion = 10.0.40219.1
Project("{9A19103F-16F7-4668-BE54-9A1E7A4F7556}") = "GloProxSys.MDPApp.API", "GloProxSys.MDPApp.API\GloProxSys.MDPApp.API.csproj", "{5D8A5385-79A7-4142-BAA8-3D7283294C59}"
EndProject
Project("{9A19103F-16F7-4668-BE54-9A1E7A4F7556}") = "GloProxSys.MDPApp.Models", "GloProxSys.MDPApp.Models\GloProxSys.MDPApp.Models.csproj", "{849D342A-5B7F-4B8F-829B-227B28931D28}"
EndProject
Project("{9A19103F-16F7-4668-BE54-9A1E7A4F7556}") = "GloProxSys.MDPApp.Concierge", "GloProxSys.MDPApp.Concierge\GloProxSys.MDPApp.Concierge.csproj", "{9166A2D5-6F48-4E19-BA27-7F3BC1A9022E}"
EndProject
Project("{9A19103F-16F7-4668-BE54-9A1E7A4F7556}") = "GloProxSys.MDPApp.Dashboard", "GloProxSys.MDPApp.Dashboard\GloProxSys.MDPApp.Dashboard.csproj", "{2B9525EC-C577-4BDA-B60C-0927E09C2CF2}"
EndProject
Project("{FAE04EC0-301F-11D3-BF4B-00C04F79EFBC}") = "GloProxSys.MDPApp.APIService", "GloProxSys.MDPApp.APIService\GloProxSys.MDPApp.APIService.csproj", "{66720EEA-6FC3-4B35-9279-F764959D8ED7}"
EndProject
Global
	GlobalSection(SolutionConfigurationPlatforms) = preSolution
		Debug|Any CPU = Debug|Any CPU
		Release|Any CPU = Release|Any CPU
	EndGlobalSection
	GlobalSection(ProjectConfigurationPlatforms) = postSolution
		{5D8A5385-79A7-4142-BAA8-3D7283294C59}.Debug|Any CPU.ActiveCfg = Debug|Any CPU
		{5D8A5385-79A7-4142-BAA8-3D7283294C59}.Debug|Any CPU.Build.0 = Debug|Any CPU
		{5D8A5385-79A7-4142-BAA8-3D7283294C59}.Release|Any CPU.ActiveCfg = Release|Any CPU
		{5D8A5385-79A7-4142-BAA8-3D7283294C59}.Release|Any CPU.Build.0 = Release|Any CPU
		{849D342A-5B7F-4B8F-829B-227B28931D28}.Debug|Any CPU.ActiveCfg = Debug|Any CPU
		{849D342A-5B7F-4B8F-829B-227B28931D28}.Debug|Any CPU.Build.0 = Debug|Any CPU
		{849D342A-5B7F-4B8F-829B-227B28931D28}.Release|Any CPU.ActiveCfg = Release|Any CPU
		{849D342A-5B7F-4B8F-829B-227B28931D28}.Release|Any CPU.Build.0 = Release|Any CPU
		{9166A2D5-6F48-4E19-BA27-7F3BC1A9022E}.Debug|Any CPU.ActiveCfg = Debug|Any CPU
		{9166A2D5-6F48-4E19-BA27-7F3BC1A9022E}.Debug|Any CPU.Build.0 = Debug|Any CPU
		{9166A2D5-6F48-4E19-BA27-7F3BC1A9022E}.Release|Any CPU.ActiveCfg = Release|Any CPU
		{9166A2D5-6F48-4E19-BA27-7F3BC1A9022E}.Release|Any CPU.Build.0 = Release|Any CPU
		{2B9525EC-C577-4BDA-B60C-0927E09C2CF2}.Debug|Any CPU.ActiveCfg = Debug|Any CPU
		{2B9525EC-C577-4BDA-B60C-0927E09C2CF2}.Debug|Any CPU.Build.0 = Debug|Any CPU
		{2B9525EC-C577-4BDA-B60C-0927E09C2CF2}.Release|Any CPU.ActiveCfg = Release|Any CPU
		{2B9525EC-C577-4BDA-B60C-0927E09C2CF2}.Release|Any CPU.Build.0 = Release|Any CPU
		{66720EEA-6FC3-4B35-9279-F764959D8ED7}.Debug|Any CPU.ActiveCfg = Debug|Any CPU
		{66720EEA-6FC3-4B35-9279-F764959D8ED7}.Debug|Any CPU.Build.0 = Debug|Any CPU
		{66720EEA-6FC3-4B35-9279-F764959D8ED7}.Release|Any CPU.ActiveCfg = Release|Any CPU
		{66720EEA-6FC3-4B35-9279-F764959D8ED7}.Release|Any CPU.Build.0 = Release|Any CPU
	EndGlobalSection
	GlobalSection(SolutionProperties) = preSolution
		HideSolutionNode = FALSE
	EndGlobalSection
	GlobalSection(ExtensibilityGlobals) = postSolution
		SolutionGuid = {B1D630BE-D9CD-43E2-A27C-AD32245C7DEA}
	EndGlobalSection
EndGlobal
